uuid: 466e86b9-c87b-448c-9955-81f88c64c54a
langcode: en
status: true
dependencies:
  content:
    - 'block_content:basic:a0c18c7d-9bb7-4ecf-931d-7f954e0da6a9'
  module:
    - block_content
    - context
  theme:
    - beetroot_example_theme
id: testblock
theme: beetroot_example_theme
region: sidebar_second
weight: 0
provider: null
plugin: 'block_content:a0c18c7d-9bb7-4ecf-931d-7f954e0da6a9'
settings:
  id: 'block_content:a0c18c7d-9bb7-4ecf-931d-7f954e0da6a9'
  label: 'Test block'
  label_display: visible
  provider: block_content
  status: true
  info: ''
  view_mode: full
visibility:
  user_status:
    id: user_status
    negate: false
    context_mapping:
      user: '@user.current_user_context:current_user'
    user_status:
      viewing_profile: '0'
      logged_viewing_profile: '0'
      own_page_true: '0'
      field_value: '0'
    user_fields: uid
  context_all:
    id: context_all
    negate: null
    values: ''
  context:
    id: context
    negate: null
    values: ''
